{
  "name": "activitypub-outbox",
  "lockfileVersion": 3,
  "requires": true,
  "packages": {
    "": {
      "name": "activitypub-outbox",
      "dependencies": {
        "activitypub-http-signatures": "^2.2.0"
      }
    },
    "node_modules/activitypub-http-signatures": {
      "version": "2.2.0",
      "resolved": "https://registry.npmjs.org/activitypub-http-signatures/-/activitypub-http-signatures-2.2.0.tgz",
      "integrity": "sha512-XQoYhcDbpJe4PP6sR/R25ivni9/ArkxU2SzEXcBZI/jbZ4ZmS/Mlg2U1a8Zt2B8ToZRbV6dZr0CYQojx4XSeLg=="
    }
  }
}
