{
  "name": "activitypub-outbox",
  "lockfileVersion": 3,
  "requires": true,
  "packages": {
    "": {
      "name": "activitypub-outbox",
      "dependencies": {
        "activitypub-http-signatures": "^2.0.1"
      }
    },
    "node_modules/activitypub-http-signatures": {
      "version": "2.0.1",
      "resolved": "https://registry.npmjs.org/activitypub-http-signatures/-/activitypub-http-signatures-2.0.1.tgz",
      "integrity": "sha512-Yiko/1xGQVUzFkrx90nuRrJUPZm2uzqaU6os2PkOXLPv122xGBvESz1z2H2zxdyMCfqCuOp9dQzrAatMmCeCHg==",
      "engines": {
        "node": "^16.8.0"
      }
    }
  }
}
